
Microsoft Visual Studio Solution File, Format Version 12.00
# Visual Studio Version 16
VisualStudioVersion = 16.0.32228.343
MinimumVisualStudioVersion = 10.0.40219.1
Project("{FAE04EC0-301F-11D3-BF4B-00C04F79EFBC}") = "WebApiPOC", "WebApiPOC.csproj", "{46B7C39C-F375-4C92-B599-30CF2D21DB02}"
EndProject
Global
	GlobalSection(SolutionConfigurationPlatforms) = preSolution
		Debug|Any CPU = Debug|Any CPU
		Release|Any CPU = Release|Any CPU
	EndGlobalSection
	GlobalSection(ProjectConfigurationPlatforms) = postSolution
		{46B7C39C-F375-4C92-B599-30CF2D21DB02}.Debug|Any CPU.ActiveCfg = Debug|Any CPU
		{46B7C39C-F375-4C92-B599-30CF2D21DB02}.Debug|Any CPU.Build.0 = Debug|Any CPU
		{46B7C39C-F375-4C92-B599-30CF2D21DB02}.Release|Any CPU.ActiveCfg = Release|Any CPU
		{46B7C39C-F375-4C92-B599-30CF2D21DB02}.Release|Any CPU.Build.0 = Release|Any CPU
	EndGlobalSection
	GlobalSection(SolutionProperties) = preSolution
		HideSolutionNode = FALSE
	EndGlobalSection
	GlobalSection(ExtensibilityGlobals) = postSolution
		SolutionGuid = {C29E23FB-3A88-4A41-8725-A8ECBD632A5F}
	EndGlobalSection
EndGlobal
